// !$*UTF8*$!
{
	archiveVersion = 1;
	classes = {
	};
	objectVersion = 46;
	objects = {

/* Begin PBXBuildFile section */
		0466E16B1B2FE4D600BBE100 /* AppDelegate.swift in Sources */ = {isa = PBXBuildFile; fileRef = 0466E16A1B2FE4D600BBE100 /* AppDelegate.swift */; };
		0466E1701B2FE4D600BBE100 /* Main.storyboard in Resources */ = {isa = PBXBuildFile; fileRef = 0466E16E1B2FE4D600BBE100 /* Main.storyboard */; };
		0466E1721B2FE4D600BBE100 /* Images.xcassets in Resources */ = {isa = PBXBuildFile; fileRef = 0466E1711B2FE4D600BBE100 /* Images.xcassets */; };
		0466E1751B2FE4D600BBE100 /* LaunchScreen.xib in Resources */ = {isa = PBXBuildFile; fileRef = 0466E1731B2FE4D600BBE100 /* LaunchScreen.xib */; };
		0466E1811B2FE4D600BBE100 /* testingTests.swift in Sources */ = {isa = PBXBuildFile; fileRef = 0466E1801B2FE4D600BBE100 /* testingTests.swift */; };
		04F1A2E21B313A2E004395A2 /* TableViewController.swift in Sources */ = {isa = PBXBuildFile; fileRef = 04F1A2E11B313A2E004395A2 /* TableViewController.swift */; };
		04F1A2E41B313E64004395A2 /* TableViewCell.swift in Sources */ = {isa = PBXBuildFile; fileRef = 04F1A2E31B313E64004395A2 /* TableViewCell.swift */; };
/* End PBXBuildFile section */

/* Begin PBXContainerItemProxy section */
		0466E17B1B2FE4D600BBE100 /* PBXContainerItemProxy */ = {
			isa = PBXContainerItemProxy;
			containerPortal = 0466E15D1B2FE4D600BBE100 /* Project object */;
			proxyType = 1;
			remoteGlobalIDString = 0466E1641B2FE4D600BBE100;
			remoteInfo = testing;
		};
/* End PBXContainerItemProxy section */

/* Begin PBXFileReference section */
		0466E1651B2FE4D600BBE100 /* testing.app */ = {isa = PBXFileReference; explicitFileType = wrapper.application; includeInIndex = 0; path = testing.app; sourceTree = BUILT_PRODUCTS_DIR; };
		0466E1691B2FE4D600BBE100 /* Info.plist */ = {isa = PBXFileReference; lastKnownFileType = text.plist.xml; path = Info.plist; sourceTree = "<group>"; };
		0466E16A1B2FE4D600BBE100 /* AppDelegate.swift */ = {isa = PBXFileReference; lastKnownFileType = sourcecode.swift; path = AppDelegate.swift; sourceTree = "<group>"; };
		0466E16F1B2FE4D600BBE100 /* Base */ = {isa = PBXFileReference; lastKnownFileType = file.storyboard; name = Base; path = Base.lproj/Main.storyboard; sourceTree = "<group>"; };
		0466E1711B2FE4D600BBE100 /* Images.xcassets */ = {isa = PBXFileReference; lastKnownFileType = folder.assetcatalog; path = Images.xcassets; sourceTree = "<group>"; };
		0466E1741B2FE4D600BBE100 /* Base */ = {isa = PBXFileReference; lastKnownFileType = file.xib; name = Base; path = Base.lproj/LaunchScreen.xib; sourceTree = "<group>"; };
		0466E17A1B2FE4D600BBE100 /* testingTests.xctest */ = {isa = PBXFileReference; explicitFileType = wrapper.cfbundle; includeInIndex = 0; path = testingTests.xctest; sourceTree = BUILT_PRODUCTS_DIR; };
		0466E17F1B2FE4D600BBE100 /* Info.plist */ = {isa = PBXFileReference; lastKnownFileType = text.plist.xml; path = Info.plist; sourceTree = "<group>"; };
		0466E1801B2FE4D600BBE100 /* testingTests.swift */ = {isa = PBXFileReference; lastKnownFileType = sourcecode.swift; path = testingTests.swift; sourceTree = "<group>"; };
		04F1A2E11B313A2E004395A2 /* TableViewController.swift */ = {isa = PBXFileReference; fileEncoding = 4; lastKnownFileType = sourcecode.swift; path = TableViewController.swift; sourceTree = "<group>"; };
		04F1A2E31B313E64004395A2 /* TableViewCell.swift */ = {isa = PBXFileReference; fileEncoding = 4; lastKnownFileType = sourcecode.swift; path = TableViewCell.swift; sourceTree = "<group>"; };
/* End PBXFileReference section */

/* Begin PBXFrameworksBuildPhase section */
		0466E1621B2FE4D600BBE100 /* Frameworks */ = {
			isa = PBXFrameworksBuildPhase;
			buildActionMask = 2147483647;
			files = (
			);
			runOnlyForDeploymentPostprocessing = 0;
		};
		0466E1771B2FE4D600BBE100 /* Frameworks */ = {
			isa = PBXFrameworksBuildPhase;
			buildActionMask = 2147483647;
			files = (
			);
			runOnlyForDeploymentPostprocessing = 0;
		};
/* End PBXFrameworksBuildPhase section */

/* Begin PBXGroup section */
		0466E15C1B2FE4D600BBE100 = {
			isa = PBXGroup;
			children = (
				0466E1671B2FE4D600BBE100 /* testing */,
				0466E17D1B2FE4D600BBE100 /* testingTests */,
				0466E1661B2FE4D600BBE100 /* Products */,
			);
			sourceTree = "<group>";
		};
		0466E1661B2FE4D600BBE100 /* Products */ = {
			isa = PBXGroup;
			children = (
				0466E1651B2FE4D600BBE100 /* testing.app */,
				0466E17A1B2FE4D600BBE100 /* testingTests.xctest */,
			);
			name = Products;
			sourceTree = "<group>";
		};
		0466E1671B2FE4D600BBE100 /* testing */ = {
			isa = PBXGroup;
			children = (
				0466E16A1B2FE4D600BBE100 /* AppDelegate.swift */,
				04F1A2E31B313E64004395A2 /* TableViewCell.swift */,
				04F1A2E11B313A2E004395A2 /* TableViewController.swift */,
				0466E16E1B2FE4D600BBE100 /* Main.storyboard */,
				0466E1711B2FE4D600BBE100 /* Images.xcassets */,
				0466E1731B2FE4D600BBE100 /* LaunchScreen.xib */,
				0466E1681B2FE4D600BBE100 /* Supporting Files */,
			);
			path = testing;
			sourceTree = "<group>";
		};
		0466E1681B2FE4D600BBE100 /* Supporting Files */ = {
			isa = PBXGroup;
			children = (
				0466E1691B2FE4D600BBE100 /* Info.plist */,
			);
			name = "Supporting Files";
			sourceTree = "<group>";
		};
		0466E17D1B2FE4D600BBE100 /* testingTests */ = {
			isa = PBXGroup;
			children = (
				0466E1801B2FE4D600BBE100 /* testingTests.swift */,
				0466E17E1B2FE4D600BBE100 /* Supporting Files */,
			);
			path = testingTests;
			sourceTree = "<group>";
		};
		0466E17E1B2FE4D600BBE100 /* Supporting Files */ = {
			isa = PBXGroup;
			children = (
				0466E17F1B2FE4D600BBE100 /* Info.plist */,
			);
			name = "Supporting Files";
			sourceTree = "<group>";
		};
/* End PBXGroup section */

/* Begin PBXNativeTarget section */
		0466E1641B2FE4D600BBE100 /* testing */ = {
			isa = PBXNativeTarget;
			buildConfigurationList = 0466E1841B2FE4D600BBE100 /* Build configuration list for PBXNativeTarget "testing" */;
			buildPhases = (
				0466E1611B2FE4D600BBE100 /* Sources */,
				0466E1621B2FE4D600BBE100 /* Frameworks */,
				0466E1631B2FE4D600BBE100 /* Resources */,
			);
			buildRules = (
			);
			dependencies = (
			);
			name = testing;
			productName = testing;
			productReference = 0466E1651B2FE4D600BBE100 /* testing.app */;
			productType = "com.apple.product-type.application";
		};
		0466E1791B2FE4D600BBE100 /* testingTests */ = {
			isa = PBXNativeTarget;
			buildConfigurationList = 0466E1871B2FE4D600BBE100 /* Build configuration list for PBXNativeTarget "testingTests" */;
			buildPhases = (
				0466E1761B2FE4D600BBE100 /* Sources */,
				0466E1771B2FE4D600BBE100 /* Frameworks */,
				0466E1781B2FE4D600BBE100 /* Resources */,
			);
			buildRules = (
			);
			dependencies = (
				0466E17C1B2FE4D600BBE100 /* PBXTargetDependency */,
			);
			name = testingTests;
			productName = testingTests;
			productReference = 0466E17A1B2FE4D600BBE100 /* testingTests.xctest */;
			productType = "com.apple.product-type.bundle.unit-test";
		};
/* End PBXNativeTarget section */

/* Begin PBXProject section */
		0466E15D1B2FE4D600BBE100 /* Project object */ = {
			isa = PBXProject;
			attributes = {
				LastUpgradeCheck = 0630;
				ORGANIZATIONNAME = "Variya Soft Solutions";
				TargetAttributes = {
					0466E1641B2FE4D600BBE100 = {
						CreatedOnToolsVersion = 6.3.1;
					};
					0466E1791B2FE4D600BBE100 = {
						CreatedOnToolsVersion = 6.3.1;
						TestTargetID = 0466E1641B2FE4D600BBE100;
					};
				};
			};
			buildConfigurationList = 0466E1601B2FE4D600BBE100 /* Build configuration list for PBXProject "testing" */;
			compatibilityVersion = "Xcode 3.2";
			developmentRegion = English;
			hasScannedForEncodings = 0;
			knownRegions = (
				en,
				Base,
			);
			mainGroup = 0466E15C1B2FE4D600BBE100;
			productRefGroup = 0466E1661B2FE4D600BBE100 /* Products */;
			projectDirPath = "";
			projectRoot = "";
			targets = (
				0466E1641B2FE4D600BBE100 /* testing */,
				0466E1791B2FE4D600BBE100 /* testingTests */,
			);
		};
/* End PBXProject section */

/* Begin PBXResourcesBuildPhase section */
		0466E1631B2FE4D600BBE100 /* Resources */ = {
			isa = PBXResourcesBuildPhase;
			buildActionMask = 2147483647;
			files = (
				0466E1701B2FE4D600BBE100 /* Main.storyboard in Resources */,
				0466E1751B2FE4D600BBE100 /* LaunchScreen.xib in Resources */,
				0466E1721B2FE4D600BBE100 /* Images.xcassets in Resources */,
			);
			runOnlyForDeploymentPostprocessing = 0;
		};
		0466E1781B2FE4D600BBE100 /* Resources */ = {
			isa = PBXResourcesBuildPhase;
			buildActionMask = 2147483647;
			files = (
			);
			runOnlyForDeploymentPostprocessing = 0;
		};
/* End PBXResourcesBuildPhase section */

/* Begin PBXSourcesBuildPhase section */
		0466E1611B2FE4D600BBE100 /* Sources */ = {
			isa = PBXSourcesBuildPhase;
			buildActionMask = 2147483647;
			files = (
				04F1A2E41B313E64004395A2 /* TableViewCell.swift in Sources */,
				04F1A2E21B313A2E004395A2 /* TableViewController.swift in Sources */,
				0466E16B1B2FE4D600BBE100 /* AppDelegate.swift in Sources */,
			);
			runOnlyForDeploymentPostprocessing = 0;
		};
		0466E1761B2FE4D600BBE100 /* Sources */ = {
			isa = PBXSourcesBuildPhase;
			buildActionMask = 2147483647;
			files = (
				0466E1811B2FE4D600BBE100 /* testingTests.swift in Sources */,
			);
			runOnlyForDeploymentPostprocessing = 0;
		};
/* End PBXSourcesBuildPhase section */

/* Begin PBXTargetDependency section */
		0466E17C1B2FE4D600BBE100 /* PBXTargetDependency */ = {
			isa = PBXTargetDependency;
			target = 0466E1641B2FE4D600BBE100 /* testing */;
			targetProxy = 0466E17B1B2FE4D600BBE100 /* PBXContainerItemProxy */;
		};
/* End PBXTargetDependency section */

/* Begin PBXVariantGroup section */
		0466E16E1B2FE4D600BBE100 /* Main.storyboard */ = {
			isa = PBXVariantGroup;
			children = (
				0466E16F1B2FE4D600BBE100 /* Base */,
			);
			name = Main.storyboard;
			sourceTree = "<group>";
		};
		0466E1731B2FE4D600BBE100 /* LaunchScreen.xib */ = {
			isa = PBXVariantGroup;
			children = (
				0466E1741B2FE4D600BBE100 /* Base */,
			);
			name = LaunchScreen.xib;
			sourceTree = "<group>";
		};
/* End PBXVariantGroup section */

/* Begin XCBuildConfiguration section */
		0466E1821B2FE4D600BBE100 /* Debug */ = {
			isa = XCBuildConfiguration;
			buildSettings = {
				ALWAYS_SEARCH_USER_PATHS = NO;
				CLANG_CXX_LANGUAGE_STANDARD = "gnu++0x";
				CLANG_CXX_LIBRARY = "libc++";
				CLANG_ENABLE_MODULES = YES;
				CLANG_ENABLE_OBJC_ARC = YES;
				CLANG_WARN_BOOL_CONVERSION = YES;
				CLANG_WARN_CONSTANT_CONVERSION = YES;
				CLANG_WARN_DIRECT_OBJC_ISA_USAGE = YES_ERROR;
				CLANG_WARN_EMPTY_BODY = YES;
				CLANG_WARN_ENUM_CONVERSION = YES;
				CLANG_WARN_INT_CONVERSION = YES;
				CLANG_WARN_OBJC_ROOT_CLASS = YES_ERROR;
				CLANG_WARN_UNREACHABLE_CODE = YES;
				CLANG_WARN__DUPLICATE_METHOD_MATCH = YES;
				"CODE_SIGN_IDENTITY[sdk=iphoneos*]" = "iPhone Developer";
				COPY_PHASE_STRIP = NO;
				DEBUG_INFORMATION_FORMAT = "dwarf-with-dsym";
				ENABLE_STRICT_OBJC_MSGSEND = YES;
				GCC_C_LANGUAGE_STANDARD = gnu99;
				GCC_DYNAMIC_NO_PIC = NO;
				GCC_NO_COMMON_BLOCKS = YES;
				GCC_OPTIMIZATION_LEVEL = 0;
				GCC_PREPROCESSOR_DEFINITIONS = (
					"DEBUG=1",
					"$(inherited)",
				);
				GCC_SYMBOLS_PRIVATE_EXTERN = NO;
				GCC_WARN_64_TO_32_BIT_CONVERSION = YES;
				GCC_WARN_ABOUT_RETURN_TYPE = YES_ERROR;
				GCC_WARN_UNDECLARED_SELECTOR = YES;
				GCC_WARN_UNINITIALIZED_AUTOS = YES_AGGRESSIVE;
				GCC_WARN_UNUSED_FUNCTION = YES;
				GCC_WARN_UNUSED_VARIABLE = YES;
				IPHONEOS_DEPLOYMENT_TARGET = 8.3;
				MTL_ENABLE_DEBUG_INFO = YES;
				ONLY_ACTIVE_ARCH = YES;
				SDKROOT = iphoneos;
				SWIFT_OPTIMIZATION_LEVEL = "-Onone";
				TARGETED_DEVICE_FAMILY = "1,2";
			};
			name = Debug;
		};
		0466E1831B2FE4D600BBE100 /* Release */ = {
			isa = XCBuildConfiguration;
			buildSettings = {
				ALWAYS_SEARCH_USER_PATHS = NO;
				CLANG_CXX_LANGUAGE_STANDARD = "gnu++0x";
				CLANG_CXX_LIBRARY = "libc++";
				CLANG_ENABLE_MODULES = YES;
				CLANG_ENABLE_OBJC_ARC = YES;
				CLANG_WARN_BOOL_CONVERSION = YES;
				CLANG_WARN_CONSTANT_CONVERSION = YES;
				CLANG_WARN_DIRECT_OBJC_ISA_USAGE = YES_ERROR;
				CLANG_WARN_EMPTY_BODY = YES;
				CLANG_WARN_ENUM_CONVERSION = YES;
				CLANG_WARN_INT_CONVERSION = YES;
				CLANG_WARN_OBJC_ROOT_CLASS = YES_ERROR;
				CLANG_WARN_UNREACHABLE_CODE = YES;
				CLANG_WARN__DUPLICATE_METHOD_MATCH = YES;
				"CODE_SIGN_IDENTITY[sdk=iphoneos*]" = "iPhone Developer";
				COPY_PHASE_STRIP = NO;
				DEBUG_INFORMATION_FORMAT = "dwarf-with-dsym";
				ENABLE_NS_ASSERTIONS = NO;
				ENABLE_STRICT_OBJC_MSGSEND = YES;
				GCC_C_LANGUAGE_STANDARD = gnu99;
				GCC_NO_COMMON_BLOCKS = YES;
				GCC_WARN_64_TO_32_BIT_CONVERSION = YES;
				GCC_WARN_ABOUT_RETURN_TYPE = YES_ERROR;
				GCC_WARN_UNDECLARED_SELECTOR = YES;
				GCC_WARN_UNINITIALIZED_AUTOS = YES_AGGRESSIVE;
				GCC_WARN_UNUSED_FUNCTION = YES;
				GCC_WARN_UNUSED_VARIABLE = YES;
				IPHONEOS_DEPLOYMENT_TARGET = 8.3;
				MTL_ENABLE_DEBUG_INFO = NO;
				SDKROOT = iphoneos;
				TARGETED_DEVICE_FAMILY = "1,2";
				VALIDATE_PRODUCT = YES;
			};
			name = Release;
		};
		0466E1851B2FE4D600BBE100 /* Debug */ = {
			isa = XCBuildConfiguration;
			buildSettings = {
				ASSETCATALOG_COMPILER_APPICON_NAME = AppIcon;
				INFOPLIST_FILE = testing/Info.plist;
				LD_RUNPATH_SEARCH_PATHS = "$(inherited) @executable_path/Frameworks";
				PRODUCT_NAME = "$(TARGET_NAME)";
			};
			name = Debug;
		};
		0466E1861B2FE4D600BBE100 /* Release */ = {
			isa = XCBuildConfiguration;
			buildSettings = {
				ASSETCATALOG_COMPILER_APPICON_NAME = AppIcon;
				INFOPLIST_FILE = testing/Info.plist;
				LD_RUNPATH_SEARCH_PATHS = "$(inherited) @executable_path/Frameworks";
				PRODUCT_NAME = "$(TARGET_NAME)";
			};
			name = Release;
		};
		0466E1881B2FE4D600BBE100 /* Debug */ = {
			isa = XCBuildConfiguration;
			buildSettings = {
				BUNDLE_LOADER = "$(TEST_HOST)";
				FRAMEWORK_SEARCH_PATHS = (
					"$(SDKROOT)/Developer/Library/Frameworks",
					"$(inherited)",
				);
				GCC_PREPROCESSOR_DEFINITIONS = (
					"DEBUG=1",
					"$(inherited)",
				);
				INFOPLIST_FILE = testingTests/Info.plist;
				LD_RUNPATH_SEARCH_PATHS = "$(inherited) @executable_path/Frameworks @loader_path/Frameworks";
				PRODUCT_NAME = "$(TARGET_NAME)";
				TEST_HOST = "$(BUILT_PRODUCTS_DIR)/testing.app/testing";
			};
			name = Debug;
		};
		0466E1891B2FE4D600BBE100 /* Release */ = {
			isa = XCBuildConfiguration;
			buildSettings = {
				BUNDLE_LOADER = "$(TEST_HOST)";
				FRAMEWORK_SEARCH_PATHS = (
					"$(SDKROOT)/Developer/Library/Frameworks",
					"$(inherited)",
				);
				INFOPLIST_FILE = testingTests/Info.plist;
				LD_RUNPATH_SEARCH_PATHS = "$(inherited) @executable_path/Frameworks @loader_path/Frameworks";
				PRODUCT_NAME = "$(TARGET_NAME)";
				TEST_HOST = "$(BUILT_PRODUCTS_DIR)/testing.app/testing";
			};
			name = Release;
		};
/* End XCBuildConfiguration section */

/* Begin XCConfigurationList section */
		0466E1601B2FE4D600BBE100 /* Build configuration list for PBXProject "testing" */ = {
			isa = XCConfigurationList;
			buildConfigurations = (
				0466E1821B2FE4D600BBE100 /* Debug */,
				0466E1831B2FE4D600BBE100 /* Release */,
			);
			defaultConfigurationIsVisible = 0;
			defaultConfigurationName = Release;
		};
		0466E1841B2FE4D600BBE100 /* Build configuration list for PBXNativeTarget "testing" */ = {
			isa = XCConfigurationList;
			buildConfigurations = (
				0466E1851B2FE4D600BBE100 /* Debug */,
				0466E1861B2FE4D600BBE100 /* Release */,
			);
			defaultConfigurationIsVisible = 0;
			defaultConfigurationName = Release;
		};
		0466E1871B2FE4D600BBE100 /* Build configuration list for PBXNativeTarget "testingTests" */ = {
			isa = XCConfigurationList;
			buildConfigurations = (
				0466E1881B2FE4D600BBE100 /* Debug */,
				0466E1891B2FE4D600BBE100 /* Release */,
			);
			defaultConfigurationIsVisible = 0;
			defaultConfigurationName = Release;
		};
/* End XCConfigurationList section */
	};
	rootObject = 0466E15D1B2FE4D600BBE100 /* Project object */;
}
